github.com/google/go-tpm v0.9.1-0.20240411180339-1fb84445f623 h1:LGYp08nFCGgxM/pRoE4etWElLB2WsrhJiBG4jK04MPE=
github.com/google/go-tpm v0.9.1-0.20240411180339-1fb84445f623/go.mod h1:h9jEsEECg7gtLis0upRBQU+GhYVH6jMjrFxI8u6bVUY=
golang.org/x/sys v0.15.0 h1:h48lPFYpsTvQJZF4EKyI4aLHaev3CxivZmv7yZig9pc=
golang.org/x/sys v0.15.0/go.mod h1:/VUhepiaJMQUp4+oa/7Zr1D23ma6VTLIYjOOTFZPUcA=
