github.com/google/go-tpm v0.9.0 h1:sQF6YqWMi+SCXpsmS3fd21oPy/vSddwZry4JnmltHVk=
github.com/google/go-tpm v0.9.0/go.mod h1:FkNVkc6C+IsvDI9Jw1OveJmxGZUUaKxtrpOS47QWKfU=
golang.org/x/sys v0.8.0 h1:EBmGv8NaZBZTWvrbjNoL6HVt+IVy3QDQpJs7VRIw3tU=
golang.org/x/sys v0.8.0/go.mod h1:oPkhp1MJrh7nUepCBck5+mAzfO9JrbApNNgaTdGDITg=
